
Microsoft Visual Studio Solution File, Format Version 12.00
# Visual Studio Version 17
VisualStudioVersion = 17.9.34622.214
MinimumVisualStudioVersion = 10.0.40219.1
Project("{9A19103F-16F7-4668-BE54-9A1E7A4F7556}") = "BlazorPeliculasCurso.Server", "BlazorPeliculasCurso\Server\BlazorPeliculasCurso.Server.csproj", "{F4F15022-2864-4BF1-AD1A-F1E6A6CA5621}"
EndProject
Project("{9A19103F-16F7-4668-BE54-9A1E7A4F7556}") = "BlazorPeliculasCurso.Client", "BlazorPeliculasCurso\Client\BlazorPeliculasCurso.Client.csproj", "{1B652D6D-F391-4F2C-8AFF-ECEFF612CA88}"
EndProject
Project("{9A19103F-16F7-4668-BE54-9A1E7A4F7556}") = "BlazorPeliculasCurso.Shared", "BlazorPeliculasCurso\Shared\BlazorPeliculasCurso.Shared.csproj", "{CF0C06BC-A42D-4EF1-941B-1F650DD10EC0}"
EndProject
Global
	GlobalSection(SolutionConfigurationPlatforms) = preSolution
		Debug|Any CPU = Debug|Any CPU
		Release|Any CPU = Release|Any CPU
	EndGlobalSection
	GlobalSection(ProjectConfigurationPlatforms) = postSolution
		{F4F15022-2864-4BF1-AD1A-F1E6A6CA5621}.Debug|Any CPU.ActiveCfg = Debug|Any CPU
		{F4F15022-2864-4BF1-AD1A-F1E6A6CA5621}.Debug|Any CPU.Build.0 = Debug|Any CPU
		{F4F15022-2864-4BF1-AD1A-F1E6A6CA5621}.Release|Any CPU.ActiveCfg = Release|Any CPU
		{F4F15022-2864-4BF1-AD1A-F1E6A6CA5621}.Release|Any CPU.Build.0 = Release|Any CPU
		{1B652D6D-F391-4F2C-8AFF-ECEFF612CA88}.Debug|Any CPU.ActiveCfg = Debug|Any CPU
		{1B652D6D-F391-4F2C-8AFF-ECEFF612CA88}.Debug|Any CPU.Build.0 = Debug|Any CPU
		{1B652D6D-F391-4F2C-8AFF-ECEFF612CA88}.Release|Any CPU.ActiveCfg = Release|Any CPU
		{1B652D6D-F391-4F2C-8AFF-ECEFF612CA88}.Release|Any CPU.Build.0 = Release|Any CPU
		{CF0C06BC-A42D-4EF1-941B-1F650DD10EC0}.Debug|Any CPU.ActiveCfg = Debug|Any CPU
		{CF0C06BC-A42D-4EF1-941B-1F650DD10EC0}.Debug|Any CPU.Build.0 = Debug|Any CPU
		{CF0C06BC-A42D-4EF1-941B-1F650DD10EC0}.Release|Any CPU.ActiveCfg = Release|Any CPU
		{CF0C06BC-A42D-4EF1-941B-1F650DD10EC0}.Release|Any CPU.Build.0 = Release|Any CPU
	EndGlobalSection
	GlobalSection(SolutionProperties) = preSolution
		HideSolutionNode = FALSE
	EndGlobalSection
	GlobalSection(ExtensibilityGlobals) = postSolution
		SolutionGuid = {ED0DC8E8-2114-4086-BEAA-E582A89CB80F}
	EndGlobalSection
EndGlobal
